
Microsoft Visual Studio Solution File, Format Version 12.00
# Visual Studio 15
VisualStudioVersion = 15.0.28010.2048
MinimumVisualStudioVersion = 10.0.40219.1
Project("{FAE04EC0-301F-11D3-BF4B-00C04F79EFBC}") = "BlazorServiceWorker.Server", "BlazorServiceWorker.Server\BlazorServiceWorker.Server.csproj", "{27E98E66-7A8E-4BCF-BF5E-C7F838752044}"
EndProject
Project("{FAE04EC0-301F-11D3-BF4B-00C04F79EFBC}") = "BlazorServiceWorker.Client", "BlazorServiceWorker.Client\BlazorServiceWorker.Client.csproj", "{AB3972E8-B2D6-42A6-8462-F8BC6F61B9DF}"
EndProject
Project("{FAE04EC0-301F-11D3-BF4B-00C04F79EFBC}") = "BlazorServiceWorker.Shared", "BlazorServiceWorker.Shared\BlazorServiceWorker.Shared.csproj", "{0639CFAC-E7B9-4185-85B1-0BDA39C1F2D8}"
EndProject
Global
	GlobalSection(SolutionConfigurationPlatforms) = preSolution
		Debug|Any CPU = Debug|Any CPU
		Release|Any CPU = Release|Any CPU
	EndGlobalSection
	GlobalSection(ProjectConfigurationPlatforms) = postSolution
		{27E98E66-7A8E-4BCF-BF5E-C7F838752044}.Debug|Any CPU.ActiveCfg = Debug|Any CPU
		{27E98E66-7A8E-4BCF-BF5E-C7F838752044}.Debug|Any CPU.Build.0 = Debug|Any CPU
		{27E98E66-7A8E-4BCF-BF5E-C7F838752044}.Release|Any CPU.ActiveCfg = Release|Any CPU
		{27E98E66-7A8E-4BCF-BF5E-C7F838752044}.Release|Any CPU.Build.0 = Release|Any CPU
		{AB3972E8-B2D6-42A6-8462-F8BC6F61B9DF}.Debug|Any CPU.ActiveCfg = Debug|Any CPU
		{AB3972E8-B2D6-42A6-8462-F8BC6F61B9DF}.Debug|Any CPU.Build.0 = Debug|Any CPU
		{AB3972E8-B2D6-42A6-8462-F8BC6F61B9DF}.Release|Any CPU.ActiveCfg = Release|Any CPU
		{AB3972E8-B2D6-42A6-8462-F8BC6F61B9DF}.Release|Any CPU.Build.0 = Release|Any CPU
		{0639CFAC-E7B9-4185-85B1-0BDA39C1F2D8}.Debug|Any CPU.ActiveCfg = Debug|Any CPU
		{0639CFAC-E7B9-4185-85B1-0BDA39C1F2D8}.Debug|Any CPU.Build.0 = Debug|Any CPU
		{0639CFAC-E7B9-4185-85B1-0BDA39C1F2D8}.Release|Any CPU.ActiveCfg = Release|Any CPU
		{0639CFAC-E7B9-4185-85B1-0BDA39C1F2D8}.Release|Any CPU.Build.0 = Release|Any CPU
	EndGlobalSection
	GlobalSection(SolutionProperties) = preSolution
		HideSolutionNode = FALSE
	EndGlobalSection
	GlobalSection(ExtensibilityGlobals) = postSolution
		SolutionGuid = {E93E51C8-FEA7-491A-AADE-1DA5A338BE8E}
	EndGlobalSection
EndGlobal
